
Microsoft Visual Studio Solution File, Format Version 12.00
# Visual Studio 15
VisualStudioVersion = 15.0.28010.2003
MinimumVisualStudioVersion = 10.0.40219.1
Project("{FAE04EC0-301F-11D3-BF4B-00C04F79EFBC}") = "VSProject", "VSProject\VSProject.csproj", "{3DD806FD-F97F-442E-83E1-B9002E59991E}"
EndProject
Global
	GlobalSection(SolutionConfigurationPlatforms) = preSolution
		Debug|Any CPU = Debug|Any CPU
		Release|Any CPU = Release|Any CPU
	EndGlobalSection
	GlobalSection(ProjectConfigurationPlatforms) = postSolution
		{3DD806FD-F97F-442E-83E1-B9002E59991E}.Debug|Any CPU.ActiveCfg = Debug|Any CPU
		{3DD806FD-F97F-442E-83E1-B9002E59991E}.Debug|Any CPU.Build.0 = Debug|Any CPU
		{3DD806FD-F97F-442E-83E1-B9002E59991E}.Release|Any CPU.ActiveCfg = Release|Any CPU
		{3DD806FD-F97F-442E-83E1-B9002E59991E}.Release|Any CPU.Build.0 = Release|Any CPU
	EndGlobalSection
	GlobalSection(SolutionProperties) = preSolution
		HideSolutionNode = FALSE
	EndGlobalSection
	GlobalSection(ExtensibilityGlobals) = postSolution
		SolutionGuid = {3D30844F-C1AC-4662-83C4-A46DF46ECE30}
	EndGlobalSection
EndGlobal
